{
  "version": 4,
  "terraform_version": "1.3.3",
  "serial": 55,
  "lineage": "b072787e-babf-0bf3-26ed-3585f3ead5b5",
  "outputs": {},
  "resources": [
    {
      "mode": "managed",
      "type": "google_compute_firewall",
      "name": "allow-ssh",
      "provider": "provider[\"registry.terraform.io/hashicorp/google\"]",
      "instances": [
        {
          "schema_version": 1,
          "attributes": {
            "allow": [
              {
                "ports": [
                  "22",
                  "80",
                  "8000"
                ],
                "protocol": "tcp"
              }
            ],
            "creation_timestamp": "2022-11-03T05:24:07.784-07:00",
            "deny": [],
            "description": "Creates firewall rule for instances",
            "destination_ranges": [],
            "direction": "INGRESS",
            "disabled": false,
            "enable_logging": null,
            "id": "projects/ahmed-magdy-366217/global/firewalls/allow-ssh",
            "log_config": [],
            "name": "allow-ssh",
            "network": "https://www.googleapis.com/compute/v1/projects/ahmed-magdy-366217/global/networks/vpc-network-gcp",
            "priority": 1000,
            "project": "ahmed-magdy-366217",
            "self_link": "https://www.googleapis.com/compute/v1/projects/ahmed-magdy-366217/global/firewalls/allow-ssh",
            "source_ranges": [
              "0.0.0.0/0"
            ],
            "source_service_accounts": [],
            "source_tags": [],
            "target_service_accounts": [],
            "target_tags": [],
            "timeouts": null
          },
          "sensitive_attributes": [],
          "private": "eyJlMmJmYjczMC1lY2FhLTExZTYtOGY4OC0zNDM2M2JjN2M0YzAiOnsiY3JlYXRlIjoxMjAwMDAwMDAwMDAwLCJkZWxldGUiOjEyMDAwMDAwMDAwMDAsInVwZGF0ZSI6MTIwMDAwMDAwMDAwMH0sInNjaGVtYV92ZXJzaW9uIjoiMSJ9",
          "dependencies": [
            "google_compute_network.vpc-network-gcp"
          ]
        }
      ]
    },
    {
      "mode": "managed",
      "type": "google_compute_instance",
      "name": "jenkins-management-vm",
      "provider": "provider[\"registry.terraform.io/hashicorp/google\"]",
      "instances": [
        {
          "schema_version": 6,
          "attributes": {
            "advanced_machine_features": [],
            "allow_stopping_for_update": null,
            "attached_disk": [],
            "boot_disk": [
              {
                "auto_delete": true,
                "device_name": "persistent-disk-0",
                "disk_encryption_key_raw": "",
                "disk_encryption_key_sha256": "",
                "initialize_params": [
                  {
                    "image": "https://www.googleapis.com/compute/v1/projects/debian-cloud/global/images/debian-11-bullseye-v20221102",
                    "labels": {},
                    "size": 10,
                    "type": "pd-standard"
                  }
                ],
                "kms_key_self_link": "",
                "mode": "READ_WRITE",
                "source": "https://www.googleapis.com/compute/v1/projects/ahmed-magdy-366217/zones/us-central1-a/disks/jenkins-management-vm"
              }
            ],
            "can_ip_forward": false,
            "confidential_instance_config": [],
            "cpu_platform": "Intel Broadwell",
            "current_status": "RUNNING",
            "deletion_protection": false,
            "description": "",
            "desired_status": null,
            "enable_display": false,
            "guest_accelerator": [],
            "hostname": "",
            "id": "projects/ahmed-magdy-366217/zones/us-central1-a/instances/jenkins-management-vm",
            "instance_id": "8619510891035888665",
            "label_fingerprint": "42WmSpB8rSM=",
            "labels": {},
            "machine_type": "e2-medium",
            "metadata": {},
            "metadata_fingerprint": "WWBGHCM-cdA=",
            "metadata_startup_script": null,
            "min_cpu_platform": "",
            "name": "jenkins-management-vm",
            "network_interface": [
              {
                "access_config": [],
                "alias_ip_range": [],
                "ipv6_access_config": [],
                "ipv6_access_type": "",
                "name": "nic0",
                "network": "https://www.googleapis.com/compute/v1/projects/ahmed-magdy-366217/global/networks/vpc-network-gcp",
                "network_ip": "10.0.1.2",
                "nic_type": "",
                "queue_count": 0,
                "stack_type": "IPV4_ONLY",
                "subnetwork": "https://www.googleapis.com/compute/v1/projects/ahmed-magdy-366217/regions/us-central1/subnetworks/managment-subnet",
                "subnetwork_project": "ahmed-magdy-366217"
              }
            ],
            "project": "ahmed-magdy-366217",
            "reservation_affinity": [],
            "resource_policies": [],
            "scheduling": [
              {
                "automatic_restart": true,
                "instance_termination_action": "",
                "min_node_cpus": 0,
                "node_affinities": [],
                "on_host_maintenance": "MIGRATE",
                "preemptible": false,
                "provisioning_model": "STANDARD"
              }
            ],
            "scratch_disk": [],
            "self_link": "https://www.googleapis.com/compute/v1/projects/ahmed-magdy-366217/zones/us-central1-a/instances/jenkins-management-vm",
            "service_account": [
              {
                "email": "manage-sa@ahmed-magdy-366217.iam.gserviceaccount.com",
                "scopes": [
                  "https://www.googleapis.com/auth/cloud-platform"
                ]
              }
            ],
            "shielded_instance_config": [
              {
                "enable_integrity_monitoring": true,
                "enable_secure_boot": false,
                "enable_vtpm": true
              }
            ],
            "tags": [],
            "tags_fingerprint": "42WmSpB8rSM=",
            "timeouts": null,
            "zone": "us-central1-a"
          },
          "sensitive_attributes": [],
          "private": "eyJlMmJmYjczMC1lY2FhLTExZTYtOGY4OC0zNDM2M2JjN2M0YzAiOnsiY3JlYXRlIjoxMjAwMDAwMDAwMDAwLCJkZWxldGUiOjEyMDAwMDAwMDAwMDAsInVwZGF0ZSI6MTIwMDAwMDAwMDAwMH0sInNjaGVtYV92ZXJzaW9uIjoiNiJ9",
          "dependencies": [
            "google_compute_network.vpc-network-gcp",
            "google_compute_subnetwork.managment-subnet",
            "google_service_account.manage-sa"
          ]
        }
      ]
    },
    {
      "mode": "managed",
      "type": "google_compute_network",
      "name": "vpc-network-gcp",
      "provider": "provider[\"registry.terraform.io/hashicorp/google\"]",
      "instances": [
        {
          "schema_version": 0,
          "attributes": {
            "auto_create_subnetworks": false,
            "delete_default_routes_on_create": false,
            "description": "",
            "enable_ula_internal_ipv6": false,
            "gateway_ipv4": "",
            "id": "projects/ahmed-magdy-366217/global/networks/vpc-network-gcp",
            "internal_ipv6_range": "",
            "mtu": 1460,
            "name": "vpc-network-gcp",
            "project": "ahmed-magdy-366217",
            "routing_mode": "REGIONAL",
            "self_link": "https://www.googleapis.com/compute/v1/projects/ahmed-magdy-366217/global/networks/vpc-network-gcp",
            "timeouts": null
          },
          "sensitive_attributes": [],
          "private": "eyJlMmJmYjczMC1lY2FhLTExZTYtOGY4OC0zNDM2M2JjN2M0YzAiOnsiY3JlYXRlIjoxMjAwMDAwMDAwMDAwLCJkZWxldGUiOjEyMDAwMDAwMDAwMDAsInVwZGF0ZSI6MTIwMDAwMDAwMDAwMH19"
        }
      ]
    },
    {
      "mode": "managed",
      "type": "google_compute_router",
      "name": "route-table",
      "provider": "provider[\"registry.terraform.io/hashicorp/google\"]",
      "instances": [
        {
          "schema_version": 0,
          "attributes": {
            "bgp": [],
            "creation_timestamp": "2022-11-03T05:24:08.296-07:00",
            "description": "",
            "encrypted_interconnect_router": false,
            "id": "projects/ahmed-magdy-366217/regions/us-central1/routers/route-table",
            "name": "route-table",
            "network": "https://www.googleapis.com/compute/v1/projects/ahmed-magdy-366217/global/networks/vpc-network-gcp",
            "project": "ahmed-magdy-366217",
            "region": "us-central1",
            "self_link": "https://www.googleapis.com/compute/v1/projects/ahmed-magdy-366217/regions/us-central1/routers/route-table",
            "timeouts": null
          },
          "sensitive_attributes": [],
          "private": "eyJlMmJmYjczMC1lY2FhLTExZTYtOGY4OC0zNDM2M2JjN2M0YzAiOnsiY3JlYXRlIjoxMjAwMDAwMDAwMDAwLCJkZWxldGUiOjEyMDAwMDAwMDAwMDAsInVwZGF0ZSI6MTIwMDAwMDAwMDAwMH19",
          "dependencies": [
            "google_compute_network.vpc-network-gcp"
          ]
        }
      ]
    },
    {
      "mode": "managed",
      "type": "google_compute_router_nat",
      "name": "nat",
      "provider": "provider[\"registry.terraform.io/hashicorp/google\"]",
      "instances": [
        {
          "schema_version": 0,
          "attributes": {
            "drain_nat_ips": [],
            "enable_dynamic_port_allocation": false,
            "enable_endpoint_independent_mapping": true,
            "icmp_idle_timeout_sec": 30,
            "id": "ahmed-magdy-366217/us-central1/route-table/nat",
            "log_config": [],
            "max_ports_per_vm": 0,
            "min_ports_per_vm": 0,
            "name": "nat",
            "nat_ip_allocate_option": "AUTO_ONLY",
            "nat_ips": [],
            "project": "ahmed-magdy-366217",
            "region": "us-central1",
            "router": "route-table",
            "rules": [],
            "source_subnetwork_ip_ranges_to_nat": "LIST_OF_SUBNETWORKS",
            "subnetwork": [
              {
                "name": "https://www.googleapis.com/compute/v1/projects/ahmed-magdy-366217/regions/us-central1/subnetworks/managment-subnet",
                "secondary_ip_range_names": [],
                "source_ip_ranges_to_nat": [
                  "ALL_IP_RANGES"
                ]
              },
              {
                "name": "https://www.googleapis.com/compute/v1/projects/ahmed-magdy-366217/regions/us-central1/subnetworks/restricted-subnet",
                "secondary_ip_range_names": [],
                "source_ip_ranges_to_nat": [
                  "ALL_IP_RANGES"
                ]
              }
            ],
            "tcp_established_idle_timeout_sec": 1200,
            "tcp_transitory_idle_timeout_sec": 30,
            "timeouts": null,
            "udp_idle_timeout_sec": 30
          },
          "sensitive_attributes": [],
          "private": "eyJlMmJmYjczMC1lY2FhLTExZTYtOGY4OC0zNDM2M2JjN2M0YzAiOnsiY3JlYXRlIjoxMjAwMDAwMDAwMDAwLCJkZWxldGUiOjEyMDAwMDAwMDAwMDAsInVwZGF0ZSI6MTIwMDAwMDAwMDAwMH19",
          "dependencies": [
            "google_compute_network.vpc-network-gcp",
            "google_compute_router.route-table",
            "google_compute_subnetwork.managment-subnet",
            "google_compute_subnetwork.restricted-subnet"
          ]
        }
      ]
    },
    {
      "mode": "managed",
      "type": "google_compute_subnetwork",
      "name": "managment-subnet",
      "provider": "provider[\"registry.terraform.io/hashicorp/google\"]",
      "instances": [
        {
          "schema_version": 0,
          "attributes": {
            "creation_timestamp": "2022-11-03T05:24:08.650-07:00",
            "description": "",
            "external_ipv6_prefix": "",
            "fingerprint": null,
            "gateway_address": "10.0.1.1",
            "id": "projects/ahmed-magdy-366217/regions/us-central1/subnetworks/managment-subnet",
            "ip_cidr_range": "10.0.1.0/24",
            "ipv6_access_type": "",
            "ipv6_cidr_range": "",
            "log_config": [],
            "name": "managment-subnet",
            "network": "https://www.googleapis.com/compute/v1/projects/ahmed-magdy-366217/global/networks/vpc-network-gcp",
            "private_ip_google_access": true,
            "private_ipv6_google_access": "DISABLE_GOOGLE_ACCESS",
            "project": "ahmed-magdy-366217",
            "purpose": "PRIVATE",
            "region": "us-central1",
            "role": "",
            "secondary_ip_range": [],
            "self_link": "https://www.googleapis.com/compute/v1/projects/ahmed-magdy-366217/regions/us-central1/subnetworks/managment-subnet",
            "stack_type": "IPV4_ONLY",
            "timeouts": null
          },
          "sensitive_attributes": [],
          "private": "eyJlMmJmYjczMC1lY2FhLTExZTYtOGY4OC0zNDM2M2JjN2M0YzAiOnsiY3JlYXRlIjoxMjAwMDAwMDAwMDAwLCJkZWxldGUiOjEyMDAwMDAwMDAwMDAsInVwZGF0ZSI6MTIwMDAwMDAwMDAwMH19",
          "dependencies": [
            "google_compute_network.vpc-network-gcp"
          ]
        }
      ]
    },
    {
      "mode": "managed",
      "type": "google_compute_subnetwork",
      "name": "restricted-subnet",
      "provider": "provider[\"registry.terraform.io/hashicorp/google\"]",
      "instances": [
        {
          "schema_version": 0,
          "attributes": {
            "creation_timestamp": "2022-11-03T05:24:09.734-07:00",
            "description": "",
            "external_ipv6_prefix": "",
            "fingerprint": null,
            "gateway_address": "10.0.2.1",
            "id": "projects/ahmed-magdy-366217/regions/us-central1/subnetworks/restricted-subnet",
            "ip_cidr_range": "10.0.2.0/24",
            "ipv6_access_type": "",
            "ipv6_cidr_range": "",
            "log_config": [],
            "name": "restricted-subnet",
            "network": "https://www.googleapis.com/compute/v1/projects/ahmed-magdy-366217/global/networks/vpc-network-gcp",
            "private_ip_google_access": true,
            "private_ipv6_google_access": "DISABLE_GOOGLE_ACCESS",
            "project": "ahmed-magdy-366217",
            "purpose": "PRIVATE",
            "region": "us-central1",
            "role": "",
            "secondary_ip_range": [],
            "self_link": "https://www.googleapis.com/compute/v1/projects/ahmed-magdy-366217/regions/us-central1/subnetworks/restricted-subnet",
            "stack_type": "IPV4_ONLY",
            "timeouts": null
          },
          "sensitive_attributes": [],
          "private": "eyJlMmJmYjczMC1lY2FhLTExZTYtOGY4OC0zNDM2M2JjN2M0YzAiOnsiY3JlYXRlIjoxMjAwMDAwMDAwMDAwLCJkZWxldGUiOjEyMDAwMDAwMDAwMDAsInVwZGF0ZSI6MTIwMDAwMDAwMDAwMH19",
          "dependencies": [
            "google_compute_network.vpc-network-gcp"
          ]
        }
      ]
    },
    {
      "mode": "managed",
      "type": "google_container_cluster",
      "name": "jenkins-gke-cluster",
      "provider": "provider[\"registry.terraform.io/hashicorp/google\"]",
      "instances": [
        {
          "schema_version": 1,
          "attributes": {
            "addons_config": [
              {
                "cloudrun_config": [],
                "dns_cache_config": [],
                "gce_persistent_disk_csi_driver_config": [
                  {
                    "enabled": true
                  }
                ],
                "gcp_filestore_csi_driver_config": [],
                "horizontal_pod_autoscaling": [],
                "http_load_balancing": [],
                "network_policy_config": [
                  {
                    "disabled": true
                  }
                ]
              }
            ],
            "authenticator_groups_config": [],
            "binary_authorization": [
              {
                "enabled": false,
                "evaluation_mode": ""
              }
            ],
            "cluster_autoscaling": [
              {
                "auto_provisioning_defaults": [],
                "enabled": false,
                "resource_limits": []
              }
            ],
            "cluster_ipv4_cidr": "10.248.0.0/14",
            "confidential_nodes": [],
            "cost_management_config": [],
            "database_encryption": [
              {
                "key_name": "",
                "state": "DECRYPTED"
              }
            ],
            "datapath_provider": "",
            "default_max_pods_per_node": 110,
            "default_snat_status": [
              {
                "disabled": false
              }
            ],
            "description": "",
            "dns_config": [],
            "enable_autopilot": false,
            "enable_binary_authorization": false,
            "enable_intranode_visibility": false,
            "enable_kubernetes_alpha": false,
            "enable_legacy_abac": false,
            "enable_shielded_nodes": true,
            "enable_tpu": false,
            "endpoint": "172.16.1.2",
            "id": "projects/ahmed-magdy-366217/locations/us-central1-a/clusters/jenkins-gke-cluster",
            "initial_node_count": 1,
            "ip_allocation_policy": [
              {
                "cluster_ipv4_cidr_block": "10.248.0.0/14",
                "cluster_secondary_range_name": "gke-jenkins-gke-cluster-pods-f83c8f2a",
                "services_ipv4_cidr_block": "10.252.0.0/20",
                "services_secondary_range_name": "gke-jenkins-gke-cluster-services-f83c8f2a"
              }
            ],
            "label_fingerprint": "a9dc16a7",
            "location": "us-central1-a",
            "logging_config": [
              {
                "enable_components": [
                  "SYSTEM_COMPONENTS",
                  "WORKLOADS"
                ]
              }
            ],
            "logging_service": "logging.googleapis.com/kubernetes",
            "maintenance_policy": [],
            "master_auth": [
              {
                "client_certificate": "",
                "client_certificate_config": [
                  {
                    "issue_client_certificate": false
                  }
                ],
                "client_key": "",
                "cluster_ca_certificate": "LS0tLS1CRUdJTiBDRVJUSUZJQ0FURS0tLS0tCk1JSUVMRENDQXBTZ0F3SUJBZ0lRRTN6Y0xsSmlHWFM4VTJLUkNXU3h5REFOQmdrcWhraUc5dzBCQVFzRkFEQXYKTVMwd0t3WURWUVFERXlRM05EQTFOak5oTVMwM05HRTNMVFF3T1RNdFlqTXlZeTFsWlRFeFptWXlNVEExTWpndwpJQmNOTWpJeE1UQXpNVEV6TWpRMldoZ1BNakExTWpFd01qWXhNak15TkRaYU1DOHhMVEFyQmdOVkJBTVRKRGMwCk1EVTJNMkV4TFRjMFlUY3ROREE1TXkxaU16SmpMV1ZsTVRGbVpqSXhNRFV5T0RDQ0FhSXdEUVlKS29aSWh2Y04KQVFFQkJRQURnZ0dQQURDQ0FZb0NnZ0dCQU1VT2lhWUxnVUNYdXpma0owUFJSeVlqdmJWMmNDQ0VOQ2JQeE5CRwoydHJ6NlBYWFV0czdBVHRNMktaN1pZWE00aWEvbGZxamIxMXBQbHlURFc2MS9sZnFiLzBDZzZKOVRzcWhaYUVlCmt3ZDZ0Und3bHNhN0VGRmhyTUt4anhDTm9HSG5rUmk3Zk5BK3prVmJIMzBTZG5GUElWZEdidXE3ZkxWSnBXTGcKYVR2QVR3UUM4VWVpWFArTGJkL25qc1VDZ3gzcWYzaXVzeGhpUzlBa1B4cmw3dUFWanl2RlU3c0pld2d3RXFVSwpERDNoTXRYcHA2Nkl0UlNoR1dWemVFOFk2azNqU3dyQ3lVWldGZUp3V1NWTS9iYkhtdVlaWWR4VzJzR2lVRXQ4Cnl1Q3NUUGVSck81c3g0Q2lWMDJaOHI2czB4NkFpbTBYeWF5VUZpNHA0Z05PV040a0d6NURzWWNabEY1aXRlRTUKak5SVm1qVFg0ZUNBeWlhR0lXU2k5WUtvU3RQZTJCa2FxQXNaWjEzdGxUVXEzcGxHaWx0ZXlQd1BEb0RGTEE4LwpCNlh0cTVtUVlWbW5wNkdya1l4VXVoZ0FUOUprdVRsTFhyK21iN3hHQWhrWk9PYkFnYmFnaWJzMXE3UklUbURBCkw5YVpPRzQ2aURnV3RUUGlCQkMyN09MN3BRSURBUUFCbzBJd1FEQU9CZ05WSFE4QkFmOEVCQU1DQWdRd0R3WUQKVlIwVEFRSC9CQVV3QXdFQi96QWRCZ05WSFE0RUZnUVU3VEdQb1I0N2ZGWlFaSklSNkRkOHhrVk5mSkl3RFFZSgpLb1pJaHZjTkFRRUxCUUFEZ2dHQkFFL2cyOW5QQVh5SG83dGtoWlR5dDNnSnZFUWQycVhpKzVvL0ZqUW82VHZhCm5HNlJSREVScnl5Ukx5eE82TVloZk9ZUm1CTzRjZmVUTmFDSzVSTFBpMEVzNUY4MWZYN0o1dUE2WnZWcnBZWWwKbHZ1WWU3OVBrcDF6ZnFtKytiQmtMWVNYTkErZ2NSWG5zRTVoaFVhTzJWdmphL2xqMDFwSzZkcFl4Mm5HVmJGSApZMVBrOTloejBzMTQ2SGcxR3dzQ3I3ZWl1NTB0aE1xdEl4bGFRck00dXRXOG5qSmJpSVdUbmNQSUxIRlA2MjlhClRWSFhNbk15cG04eXlQNGlHN0puRTdkY2lZNXR6NjYxbERZeVVFZW9vaUxEd2ZKSGZpMFlmbUdFdEt5MTRqTk8KUEdOOVFIMW81TzB3R0l3bHc1K0RneWlLQWduQUpnM2xYOGRBTDNobFJJYXBpSXFNczlOS2M0c1RNYVc1Z1dtVQppVUY5K3lIREoxK1haVmY0UHgwazNsdk5MSXA4RnNmZmpwajNJWFpZNGNER0ljUkFSdEhWTWJ6bW5WVkx3WEtxCmE1ODdmT0hWbmNQN3Q2TDNSN2x6V29lVkN2N0RaWkZ2MW9VZGY0d09KSmRldld4Tnh1SnZXWkQrc3gvWldURUgKeTQ3UkxXdHRXS05pRGdqWGxkeDc1QT09Ci0tLS0tRU5EIENFUlRJRklDQVRFLS0tLS0K"
              }
            ],
            "master_authorized_networks_config": [
              {
                "cidr_blocks": [
                  {
                    "cidr_block": "10.0.1.0/24",
                    "display_name": ""
                  }
                ]
              }
            ],
            "master_version": "1.23.8-gke.1900",
            "mesh_certificates": [],
            "min_master_version": null,
            "monitoring_config": [
              {
                "enable_components": [
                  "SYSTEM_COMPONENTS"
                ]
              }
            ],
            "monitoring_service": "monitoring.googleapis.com/kubernetes",
            "name": "jenkins-gke-cluster",
            "network": "projects/ahmed-magdy-366217/global/networks/vpc-network-gcp",
            "network_policy": [
              {
                "enabled": false,
                "provider": "PROVIDER_UNSPECIFIED"
              }
            ],
            "networking_mode": "VPC_NATIVE",
            "node_config": [],
            "node_locations": [],
            "node_pool": [],
            "node_version": "1.23.8-gke.1900",
            "notification_config": [
              {
                "pubsub": [
                  {
                    "enabled": false,
                    "filter": [],
                    "topic": ""
                  }
                ]
              }
            ],
            "operation": null,
            "private_cluster_config": [
              {
                "enable_private_endpoint": true,
                "enable_private_nodes": true,
                "master_global_access_config": [
                  {
                    "enabled": false
                  }
                ],
                "master_ipv4_cidr_block": "172.16.1.0/28",
                "peering_name": "gke-nf442751d3a7b601f3f7-b431-419f-peer",
                "private_endpoint": "172.16.1.2",
                "public_endpoint": "34.66.63.198"
              }
            ],
            "private_ipv6_google_access": "",
            "project": "ahmed-magdy-366217",
            "release_channel": [
              {
                "channel": "REGULAR"
              }
            ],
            "remove_default_node_pool": true,
            "resource_labels": null,
            "resource_usage_export_config": [],
            "self_link": "https://container.googleapis.com/v1/projects/ahmed-magdy-366217/zones/us-central1-a/clusters/jenkins-gke-cluster",
            "service_external_ips_config": [
              {
                "enabled": false
              }
            ],
            "services_ipv4_cidr": "10.252.0.0/20",
            "subnetwork": "projects/ahmed-magdy-366217/regions/us-central1/subnetworks/restricted-subnet",
            "timeouts": null,
            "tpu_ipv4_cidr_block": "",
            "vertical_pod_autoscaling": [],
            "workload_identity_config": []
          },
          "sensitive_attributes": [],
          "private": "eyJlMmJmYjczMC1lY2FhLTExZTYtOGY4OC0zNDM2M2JjN2M0YzAiOnsiY3JlYXRlIjoyNDAwMDAwMDAwMDAwLCJkZWxldGUiOjI0MDAwMDAwMDAwMDAsInJlYWQiOjI0MDAwMDAwMDAwMDAsInVwZGF0ZSI6MzYwMDAwMDAwMDAwMH0sInNjaGVtYV92ZXJzaW9uIjoiMSJ9",
          "dependencies": [
            "google_compute_network.vpc-network-gcp",
            "google_compute_subnetwork.restricted-subnet"
          ]
        }
      ]
    },
    {
      "mode": "managed",
      "type": "google_container_node_pool",
      "name": "jenkins-cluster-nodes",
      "provider": "provider[\"registry.terraform.io/hashicorp/google\"]",
      "instances": []
    },
    {
      "mode": "managed",
      "type": "google_project_iam_binding",
      "name": "gke-sa-binding",
      "provider": "provider[\"registry.terraform.io/hashicorp/google\"]",
      "instances": [
        {
          "schema_version": 0,
          "attributes": {
            "condition": [],
            "etag": "BwXskCWl41M=",
            "id": "ahmed-magdy-366217/roles/storage.admin",
            "members": [
              "serviceAccount:gke-sa@ahmed-magdy-366217.iam.gserviceaccount.com"
            ],
            "project": "ahmed-magdy-366217",
            "role": "roles/storage.admin"
          },
          "sensitive_attributes": [],
          "private": "bnVsbA==",
          "dependencies": [
            "google_service_account.gke-sa"
          ]
        }
      ]
    },
    {
      "mode": "managed",
      "type": "google_project_iam_binding",
      "name": "manage-sa-bindig-2",
      "provider": "provider[\"registry.terraform.io/hashicorp/google\"]",
      "instances": [
        {
          "schema_version": 0,
          "attributes": {
            "condition": [],
            "etag": "BwXskCWl41M=",
            "id": "ahmed-magdy-366217/roles/container.admin",
            "members": [
              "serviceAccount:manage-sa@ahmed-magdy-366217.iam.gserviceaccount.com"
            ],
            "project": "ahmed-magdy-366217",
            "role": "roles/container.admin"
          },
          "sensitive_attributes": [],
          "private": "bnVsbA==",
          "dependencies": [
            "google_service_account.manage-sa"
          ]
        }
      ]
    },
    {
      "mode": "managed",
      "type": "google_project_iam_binding",
      "name": "manage-sa-binding",
      "provider": "provider[\"registry.terraform.io/hashicorp/google\"]",
      "instances": [
        {
          "schema_version": 0,
          "attributes": {
            "condition": [],
            "etag": "BwXskCejOio=",
            "id": "ahmed-magdy-366217/roles/storage.admin",
            "members": [
              "serviceAccount:manage-sa@ahmed-magdy-366217.iam.gserviceaccount.com"
            ],
            "project": "ahmed-magdy-366217",
            "role": "roles/storage.admin"
          },
          "sensitive_attributes": [],
          "private": "bnVsbA==",
          "dependencies": [
            "google_service_account.manage-sa"
          ]
        }
      ]
    },
    {
      "mode": "managed",
      "type": "google_service_account",
      "name": "gke-sa",
      "provider": "provider[\"registry.terraform.io/hashicorp/google\"]",
      "instances": [
        {
          "schema_version": 0,
          "attributes": {
            "account_id": "gke-sa",
            "description": "",
            "disabled": false,
            "display_name": "GKE Service Account",
            "email": "gke-sa@ahmed-magdy-366217.iam.gserviceaccount.com",
            "id": "projects/ahmed-magdy-366217/serviceAccounts/gke-sa@ahmed-magdy-366217.iam.gserviceaccount.com",
            "member": "serviceAccount:gke-sa@ahmed-magdy-366217.iam.gserviceaccount.com",
            "name": "projects/ahmed-magdy-366217/serviceAccounts/gke-sa@ahmed-magdy-366217.iam.gserviceaccount.com",
            "project": "ahmed-magdy-366217",
            "timeouts": null,
            "unique_id": "100153169486867919481"
          },
          "sensitive_attributes": [],
          "private": "eyJlMmJmYjczMC1lY2FhLTExZTYtOGY4OC0zNDM2M2JjN2M0YzAiOnsiY3JlYXRlIjozMDAwMDAwMDAwMDB9fQ=="
        }
      ]
    },
    {
      "mode": "managed",
      "type": "google_service_account",
      "name": "manage-sa",
      "provider": "provider[\"registry.terraform.io/hashicorp/google\"]",
      "instances": [
        {
          "schema_version": 0,
          "attributes": {
            "account_id": "manage-sa",
            "description": "",
            "disabled": false,
            "display_name": "manage Service Account",
            "email": "manage-sa@ahmed-magdy-366217.iam.gserviceaccount.com",
            "id": "projects/ahmed-magdy-366217/serviceAccounts/manage-sa@ahmed-magdy-366217.iam.gserviceaccount.com",
            "member": "serviceAccount:manage-sa@ahmed-magdy-366217.iam.gserviceaccount.com",
            "name": "projects/ahmed-magdy-366217/serviceAccounts/manage-sa@ahmed-magdy-366217.iam.gserviceaccount.com",
            "project": "ahmed-magdy-366217",
            "timeouts": null,
            "unique_id": "101690245103686968527"
          },
          "sensitive_attributes": [],
          "private": "eyJlMmJmYjczMC1lY2FhLTExZTYtOGY4OC0zNDM2M2JjN2M0YzAiOnsiY3JlYXRlIjozMDAwMDAwMDAwMDB9fQ=="
        }
      ]
    }
  ],
  "check_results": null
}
